
Microsoft Visual Studio Solution File, Format Version 12.00
# Visual Studio Version 17
VisualStudioVersion = 17.9.34714.143
MinimumVisualStudioVersion = 10.0.40219.1
Project("{FAE04EC0-301F-11D3-BF4B-00C04F79EFBC}") = "Geometrija", "Geometrija.csproj", "{D87D5522-18C0-417D-9961-574F306C4F2B}"
EndProject
Global
	GlobalSection(SolutionConfigurationPlatforms) = preSolution
		Debug|Any CPU = Debug|Any CPU
		Release|Any CPU = Release|Any CPU
	EndGlobalSection
	GlobalSection(ProjectConfigurationPlatforms) = postSolution
		{D87D5522-18C0-417D-9961-574F306C4F2B}.Debug|Any CPU.ActiveCfg = Debug|Any CPU
		{D87D5522-18C0-417D-9961-574F306C4F2B}.Debug|Any CPU.Build.0 = Debug|Any CPU
		{D87D5522-18C0-417D-9961-574F306C4F2B}.Release|Any CPU.ActiveCfg = Release|Any CPU
		{D87D5522-18C0-417D-9961-574F306C4F2B}.Release|Any CPU.Build.0 = Release|Any CPU
	EndGlobalSection
	GlobalSection(SolutionProperties) = preSolution
		HideSolutionNode = FALSE
	EndGlobalSection
	GlobalSection(ExtensibilityGlobals) = postSolution
		SolutionGuid = {B3A57317-7646-445B-9353-CA4BFABB1F21}
	EndGlobalSection
EndGlobal
